// !$*UTF8*$!
{
	archiveVersion = 1;
	classes = {
	};
	objectVersion = 50;
	objects = {

/* Begin PBXBuildFile section */
		BA636F3023BCE07A00C12987 /* AppDelegate.swift in Sources */ = {isa = PBXBuildFile; fileRef = BA636F2F23BCE07A00C12987 /* AppDelegate.swift */; };
		BA636F3223BCE07A00C12987 /* SceneDelegate.swift in Sources */ = {isa = PBXBuildFile; fileRef = BA636F3123BCE07A00C12987 /* SceneDelegate.swift */; };
		BA636F3423BCE07A00C12987 /* ViewController.swift in Sources */ = {isa = PBXBuildFile; fileRef = BA636F3323BCE07A00C12987 /* ViewController.swift */; };
		BA636F3723BCE07A00C12987 /* Main.storyboard in Resources */ = {isa = PBXBuildFile; fileRef = BA636F3523BCE07A00C12987 /* Main.storyboard */; };
		BA636F3923BCE07C00C12987 /* Assets.xcassets in Resources */ = {isa = PBXBuildFile; fileRef = BA636F3823BCE07C00C12987 /* Assets.xcassets */; };
		BA636F3C23BCE07C00C12987 /* LaunchScreen.storyboard in Resources */ = {isa = PBXBuildFile; fileRef = BA636F3A23BCE07C00C12987 /* LaunchScreen.storyboard */; };
		BA636F4723BCE07C00C12987 /* SwiftDemoTests.swift in Sources */ = {isa = PBXBuildFile; fileRef = BA636F4623BCE07C00C12987 /* SwiftDemoTests.swift */; };
		BA636F5223BCE07C00C12987 /* SwiftDemoUITests.swift in Sources */ = {isa = PBXBuildFile; fileRef = BA636F5123BCE07C00C12987 /* SwiftDemoUITests.swift */; };
/* End PBXBuildFile section */

/* Begin PBXContainerItemProxy section */
		BA636F4323BCE07C00C12987 /* PBXContainerItemProxy */ = {
			isa = PBXContainerItemProxy;
			containerPortal = BA636F2423BCE07A00C12987 /* Project object */;
			proxyType = 1;
			remoteGlobalIDString = BA636F2B23BCE07A00C12987;
			remoteInfo = SwiftDemo;
		};
		BA636F4E23BCE07C00C12987 /* PBXContainerItemProxy */ = {
			isa = PBXContainerItemProxy;
			containerPortal = BA636F2423BCE07A00C12987 /* Project object */;
			proxyType = 1;
			remoteGlobalIDString = BA636F2B23BCE07A00C12987;
			remoteInfo = SwiftDemo;
		};
/* End PBXContainerItemProxy section */

/* Begin PBXFileReference section */
		BA636F2C23BCE07A00C12987 /* SwiftDemo.app */ = {isa = PBXFileReference; explicitFileType = wrapper.application; includeInIndex = 0; path = SwiftDemo.app; sourceTree = BUILT_PRODUCTS_DIR; };
		BA636F2F23BCE07A00C12987 /* AppDelegate.swift */ = {isa = PBXFileReference; lastKnownFileType = sourcecode.swift; path = AppDelegate.swift; sourceTree = "<group>"; };
		BA636F3123BCE07A00C12987 /* SceneDelegate.swift */ = {isa = PBXFileReference; lastKnownFileType = sourcecode.swift; path = SceneDelegate.swift; sourceTree = "<group>"; };
		BA636F3323BCE07A00C12987 /* ViewController.swift */ = {isa = PBXFileReference; lastKnownFileType = sourcecode.swift; path = ViewController.swift; sourceTree = "<group>"; };
		BA636F3623BCE07A00C12987 /* Base */ = {isa = PBXFileReference; lastKnownFileType = file.storyboard; name = Base; path = Base.lproj/Main.storyboard; sourceTree = "<group>"; };
		BA636F3823BCE07C00C12987 /* Assets.xcassets */ = {isa = PBXFileReference; lastKnownFileType = folder.assetcatalog; path = Assets.xcassets; sourceTree = "<group>"; };
		BA636F3B23BCE07C00C12987 /* Base */ = {isa = PBXFileReference; lastKnownFileType = file.storyboard; name = Base; path = Base.lproj/LaunchScreen.storyboard; sourceTree = "<group>"; };
		BA636F3D23BCE07C00C12987 /* Info.plist */ = {isa = PBXFileReference; lastKnownFileType = text.plist.xml; path = Info.plist; sourceTree = "<group>"; };
		BA636F4223BCE07C00C12987 /* SwiftDemoTests.xctest */ = {isa = PBXFileReference; explicitFileType = wrapper.cfbundle; includeInIndex = 0; path = SwiftDemoTests.xctest; sourceTree = BUILT_PRODUCTS_DIR; };
		BA636F4623BCE07C00C12987 /* SwiftDemoTests.swift */ = {isa = PBXFileReference; lastKnownFileType = sourcecode.swift; path = SwiftDemoTests.swift; sourceTree = "<group>"; };
		BA636F4823BCE07C00C12987 /* Info.plist */ = {isa = PBXFileReference; lastKnownFileType = text.plist.xml; path = Info.plist; sourceTree = "<group>"; };
		BA636F4D23BCE07C00C12987 /* SwiftDemoUITests.xctest */ = {isa = PBXFileReference; explicitFileType = wrapper.cfbundle; includeInIndex = 0; path = SwiftDemoUITests.xctest; sourceTree = BUILT_PRODUCTS_DIR; };
		BA636F5123BCE07C00C12987 /* SwiftDemoUITests.swift */ = {isa = PBXFileReference; lastKnownFileType = sourcecode.swift; path = SwiftDemoUITests.swift; sourceTree = "<group>"; };
		BA636F5323BCE07C00C12987 /* Info.plist */ = {isa = PBXFileReference; lastKnownFileType = text.plist.xml; path = Info.plist; sourceTree = "<group>"; };
/* End PBXFileReference section */

/* Begin PBXFrameworksBuildPhase section */
		BA636F2923BCE07A00C12987 /* Frameworks */ = {
			isa = PBXFrameworksBuildPhase;
			buildActionMask = 2147483647;
			files = (
			);
			runOnlyForDeploymentPostprocessing = 0;
		};
		BA636F3F23BCE07C00C12987 /* Frameworks */ = {
			isa = PBXFrameworksBuildPhase;
			buildActionMask = 2147483647;
			files = (
			);
			runOnlyForDeploymentPostprocessing = 0;
		};
		BA636F4A23BCE07C00C12987 /* Frameworks */ = {
			isa = PBXFrameworksBuildPhase;
			buildActionMask = 2147483647;
			files = (
			);
			runOnlyForDeploymentPostprocessing = 0;
		};
/* End PBXFrameworksBuildPhase section */

/* Begin PBXGroup section */
		BA636F2323BCE07A00C12987 = {
			isa = PBXGroup;
			children = (
				BA636F2E23BCE07A00C12987 /* SwiftDemo */,
				BA636F4523BCE07C00C12987 /* SwiftDemoTests */,
				BA636F5023BCE07C00C12987 /* SwiftDemoUITests */,
				BA636F2D23BCE07A00C12987 /* Products */,
			);
			sourceTree = "<group>";
		};
		BA636F2D23BCE07A00C12987 /* Products */ = {
			isa = PBXGroup;
			children = (
				BA636F2C23BCE07A00C12987 /* SwiftDemo.app */,
				BA636F4223BCE07C00C12987 /* SwiftDemoTests.xctest */,
				BA636F4D23BCE07C00C12987 /* SwiftDemoUITests.xctest */,
			);
			name = Products;
			sourceTree = "<group>";
		};
		BA636F2E23BCE07A00C12987 /* SwiftDemo */ = {
			isa = PBXGroup;
			children = (
				BA636F2F23BCE07A00C12987 /* AppDelegate.swift */,
				BA636F3123BCE07A00C12987 /* SceneDelegate.swift */,
				BA636F3323BCE07A00C12987 /* ViewController.swift */,
				BA636F3523BCE07A00C12987 /* Main.storyboard */,
				BA636F3823BCE07C00C12987 /* Assets.xcassets */,
				BA636F3A23BCE07C00C12987 /* LaunchScreen.storyboard */,
				BA636F3D23BCE07C00C12987 /* Info.plist */,
			);
			path = SwiftDemo;
			sourceTree = "<group>";
		};
		BA636F4523BCE07C00C12987 /* SwiftDemoTests */ = {
			isa = PBXGroup;
			children = (
				BA636F4623BCE07C00C12987 /* SwiftDemoTests.swift */,
				BA636F4823BCE07C00C12987 /* Info.plist */,
			);
			path = SwiftDemoTests;
			sourceTree = "<group>";
		};
		BA636F5023BCE07C00C12987 /* SwiftDemoUITests */ = {
			isa = PBXGroup;
			children = (
				BA636F5123BCE07C00C12987 /* SwiftDemoUITests.swift */,
				BA636F5323BCE07C00C12987 /* Info.plist */,
			);
			path = SwiftDemoUITests;
			sourceTree = "<group>";
		};
/* End PBXGroup section */

/* Begin PBXNativeTarget section */
		BA636F2B23BCE07A00C12987 /* SwiftDemo */ = {
			isa = PBXNativeTarget;
			buildConfigurationList = BA636F5623BCE07C00C12987 /* Build configuration list for PBXNativeTarget "SwiftDemo" */;
			buildPhases = (
				BA636F2823BCE07A00C12987 /* Sources */,
				BA636F2923BCE07A00C12987 /* Frameworks */,
				BA636F2A23BCE07A00C12987 /* Resources */,
			);
			buildRules = (
			);
			dependencies = (
			);
			name = SwiftDemo;
			productName = SwiftDemo;
			productReference = BA636F2C23BCE07A00C12987 /* SwiftDemo.app */;
			productType = "com.apple.product-type.application";
		};
		BA636F4123BCE07C00C12987 /* SwiftDemoTests */ = {
			isa = PBXNativeTarget;
			buildConfigurationList = BA636F5923BCE07C00C12987 /* Build configuration list for PBXNativeTarget "SwiftDemoTests" */;
			buildPhases = (
				BA636F3E23BCE07C00C12987 /* Sources */,
				BA636F3F23BCE07C00C12987 /* Frameworks */,
				BA636F4023BCE07C00C12987 /* Resources */,
			);
			buildRules = (
			);
			dependencies = (
				BA636F4423BCE07C00C12987 /* PBXTargetDependency */,
			);
			name = SwiftDemoTests;
			productName = SwiftDemoTests;
			productReference = BA636F4223BCE07C00C12987 /* SwiftDemoTests.xctest */;
			productType = "com.apple.product-type.bundle.unit-test";
		};
		BA636F4C23BCE07C00C12987 /* SwiftDemoUITests */ = {
			isa = PBXNativeTarget;
			buildConfigurationList = BA636F5C23BCE07C00C12987 /* Build configuration list for PBXNativeTarget "SwiftDemoUITests" */;
			buildPhases = (
				BA636F4923BCE07C00C12987 /* Sources */,
				BA636F4A23BCE07C00C12987 /* Frameworks */,
				BA636F4B23BCE07C00C12987 /* Resources */,
			);
			buildRules = (
			);
			dependencies = (
				BA636F4F23BCE07C00C12987 /* PBXTargetDependency */,
			);
			name = SwiftDemoUITests;
			productName = SwiftDemoUITests;
			productReference = BA636F4D23BCE07C00C12987 /* SwiftDemoUITests.xctest */;
			productType = "com.apple.product-type.bundle.ui-testing";
		};
/* End PBXNativeTarget section */

/* Begin PBXProject section */
		BA636F2423BCE07A00C12987 /* Project object */ = {
			isa = PBXProject;
			attributes = {
				LastSwiftUpdateCheck = 1120;
				LastUpgradeCheck = 1120;
				ORGANIZATIONNAME = xiaoming;
				TargetAttributes = {
					BA636F2B23BCE07A00C12987 = {
						CreatedOnToolsVersion = 11.2.1;
					};
					BA636F4123BCE07C00C12987 = {
						CreatedOnToolsVersion = 11.2.1;
						TestTargetID = BA636F2B23BCE07A00C12987;
					};
					BA636F4C23BCE07C00C12987 = {
						CreatedOnToolsVersion = 11.2.1;
						TestTargetID = BA636F2B23BCE07A00C12987;
					};
				};
			};
			buildConfigurationList = BA636F2723BCE07A00C12987 /* Build configuration list for PBXProject "SwiftDemo" */;
			compatibilityVersion = "Xcode 9.3";
			developmentRegion = en;
			hasScannedForEncodings = 0;
			knownRegions = (
				en,
				Base,
			);
			mainGroup = BA636F2323BCE07A00C12987;
			productRefGroup = BA636F2D23BCE07A00C12987 /* Products */;
			projectDirPath = "";
			projectRoot = "";
			targets = (
				BA636F2B23BCE07A00C12987 /* SwiftDemo */,
				BA636F4123BCE07C00C12987 /* SwiftDemoTests */,
				BA636F4C23BCE07C00C12987 /* SwiftDemoUITests */,
			);
		};
/* End PBXProject section */

/* Begin PBXResourcesBuildPhase section */
		BA636F2A23BCE07A00C12987 /* Resources */ = {
			isa = PBXResourcesBuildPhase;
			buildActionMask = 2147483647;
			files = (
				BA636F3C23BCE07C00C12987 /* LaunchScreen.storyboard in Resources */,
				BA636F3923BCE07C00C12987 /* Assets.xcassets in Resources */,
				BA636F3723BCE07A00C12987 /* Main.storyboard in Resources */,
			);
			runOnlyForDeploymentPostprocessing = 0;
		};
		BA636F4023BCE07C00C12987 /* Resources */ = {
			isa = PBXResourcesBuildPhase;
			buildActionMask = 2147483647;
			files = (
			);
			runOnlyForDeploymentPostprocessing = 0;
		};
		BA636F4B23BCE07C00C12987 /* Resources */ = {
			isa = PBXResourcesBuildPhase;
			buildActionMask = 2147483647;
			files = (
			);
			runOnlyForDeploymentPostprocessing = 0;
		};
/* End PBXResourcesBuildPhase section */

/* Begin PBXSourcesBuildPhase section */
		BA636F2823BCE07A00C12987 /* Sources */ = {
			isa = PBXSourcesBuildPhase;
			buildActionMask = 2147483647;
			files = (
				BA636F3423BCE07A00C12987 /* ViewController.swift in Sources */,
				BA636F3023BCE07A00C12987 /* AppDelegate.swift in Sources */,
				BA636F3223BCE07A00C12987 /* SceneDelegate.swift in Sources */,
			);
			runOnlyForDeploymentPostprocessing = 0;
		};
		BA636F3E23BCE07C00C12987 /* Sources */ = {
			isa = PBXSourcesBuildPhase;
			buildActionMask = 2147483647;
			files = (
				BA636F4723BCE07C00C12987 /* SwiftDemoTests.swift in Sources */,
			);
			runOnlyForDeploymentPostprocessing = 0;
		};
		BA636F4923BCE07C00C12987 /* Sources */ = {
			isa = PBXSourcesBuildPhase;
			buildActionMask = 2147483647;
			files = (
				BA636F5223BCE07C00C12987 /* SwiftDemoUITests.swift in Sources */,
			);
			runOnlyForDeploymentPostprocessing = 0;
		};
/* End PBXSourcesBuildPhase section */

/* Begin PBXTargetDependency section */
		BA636F4423BCE07C00C12987 /* PBXTargetDependency */ = {
			isa = PBXTargetDependency;
			target = BA636F2B23BCE07A00C12987 /* SwiftDemo */;
			targetProxy = BA636F4323BCE07C00C12987 /* PBXContainerItemProxy */;
		};
		BA636F4F23BCE07C00C12987 /* PBXTargetDependency */ = {
			isa = PBXTargetDependency;
			target = BA636F2B23BCE07A00C12987 /* SwiftDemo */;
			targetProxy = BA636F4E23BCE07C00C12987 /* PBXContainerItemProxy */;
		};
/* End PBXTargetDependency section */

/* Begin PBXVariantGroup section */
		BA636F3523BCE07A00C12987 /* Main.storyboard */ = {
			isa = PBXVariantGroup;
			children = (
				BA636F3623BCE07A00C12987 /* Base */,
			);
			name = Main.storyboard;
			sourceTree = "<group>";
		};
		BA636F3A23BCE07C00C12987 /* LaunchScreen.storyboard */ = {
			isa = PBXVariantGroup;
			children = (
				BA636F3B23BCE07C00C12987 /* Base */,
			);
			name = LaunchScreen.storyboard;
			sourceTree = "<group>";
		};
/* End PBXVariantGroup section */

/* Begin XCBuildConfiguration section */
		BA636F5423BCE07C00C12987 /* Debug */ = {
			isa = XCBuildConfiguration;
			buildSettings = {
				ALWAYS_SEARCH_USER_PATHS = NO;
				CLANG_ANALYZER_NONNULL = YES;
				CLANG_ANALYZER_NUMBER_OBJECT_CONVERSION = YES_AGGRESSIVE;
				CLANG_CXX_LANGUAGE_STANDARD = "gnu++14";
				CLANG_CXX_LIBRARY = "libc++";
				CLANG_ENABLE_MODULES = YES;
				CLANG_ENABLE_OBJC_ARC = YES;
				CLANG_ENABLE_OBJC_WEAK = YES;
				CLANG_WARN_BLOCK_CAPTURE_AUTORELEASING = YES;
				CLANG_WARN_BOOL_CONVERSION = YES;
				CLANG_WARN_COMMA = YES;
				CLANG_WARN_CONSTANT_CONVERSION = YES;
				CLANG_WARN_DEPRECATED_OBJC_IMPLEMENTATIONS = YES;
				CLANG_WARN_DIRECT_OBJC_ISA_USAGE = YES_ERROR;
				CLANG_WARN_DOCUMENTATION_COMMENTS = YES;
				CLANG_WARN_EMPTY_BODY = YES;
				CLANG_WARN_ENUM_CONVERSION = YES;
				CLANG_WARN_INFINITE_RECURSION = YES;
				CLANG_WARN_INT_CONVERSION = YES;
				CLANG_WARN_NON_LITERAL_NULL_CONVERSION = YES;
				CLANG_WARN_OBJC_IMPLICIT_RETAIN_SELF = YES;
				CLANG_WARN_OBJC_LITERAL_CONVERSION = YES;
				CLANG_WARN_OBJC_ROOT_CLASS = YES_ERROR;
				CLANG_WARN_RANGE_LOOP_ANALYSIS = YES;
				CLANG_WARN_STRICT_PROTOTYPES = YES;
				CLANG_WARN_SUSPICIOUS_MOVE = YES;
				CLANG_WARN_UNGUARDED_AVAILABILITY = YES_AGGRESSIVE;
				CLANG_WARN_UNREACHABLE_CODE = YES;
				CLANG_WARN__DUPLICATE_METHOD_MATCH = YES;
				COPY_PHASE_STRIP = NO;
				DEBUG_INFORMATION_FORMAT = dwarf;
				ENABLE_STRICT_OBJC_MSGSEND = YES;
				ENABLE_TESTABILITY = YES;
				GCC_C_LANGUAGE_STANDARD = gnu11;
				GCC_DYNAMIC_NO_PIC = NO;
				GCC_NO_COMMON_BLOCKS = YES;
				GCC_OPTIMIZATION_LEVEL = 0;
				GCC_PREPROCESSOR_DEFINITIONS = (
					"DEBUG=1",
					"$(inherited)",
				);
				GCC_WARN_64_TO_32_BIT_CONVERSION = YES;
				GCC_WARN_ABOUT_RETURN_TYPE = YES_ERROR;
				GCC_WARN_UNDECLARED_SELECTOR = YES;
				GCC_WARN_UNINITIALIZED_AUTOS = YES_AGGRESSIVE;
				GCC_WARN_UNUSED_FUNCTION = YES;
				GCC_WARN_UNUSED_VARIABLE = YES;
				IPHONEOS_DEPLOYMENT_TARGET = 9.0;
				MTL_ENABLE_DEBUG_INFO = INCLUDE_SOURCE;
				MTL_FAST_MATH = YES;
				ONLY_ACTIVE_ARCH = YES;
				SDKROOT = iphoneos;
				SWIFT_ACTIVE_COMPILATION_CONDITIONS = DEBUG;
				SWIFT_OPTIMIZATION_LEVEL = "-Onone";
			};
			name = Debug;
		};
		BA636F5523BCE07C00C12987 /* Release */ = {
			isa = XCBuildConfiguration;
			buildSettings = {
				ALWAYS_SEARCH_USER_PATHS = NO;
				CLANG_ANALYZER_NONNULL = YES;
				CLANG_ANALYZER_NUMBER_OBJECT_CONVERSION = YES_AGGRESSIVE;
				CLANG_CXX_LANGUAGE_STANDARD = "gnu++14";
				CLANG_CXX_LIBRARY = "libc++";
				CLANG_ENABLE_MODULES = YES;
				CLANG_ENABLE_OBJC_ARC = YES;
				CLANG_ENABLE_OBJC_WEAK = YES;
				CLANG_WARN_BLOCK_CAPTURE_AUTORELEASING = YES;
				CLANG_WARN_BOOL_CONVERSION = YES;
				CLANG_WARN_COMMA = YES;
				CLANG_WARN_CONSTANT_CONVERSION = YES;
				CLANG_WARN_DEPRECATED_OBJC_IMPLEMENTATIONS = YES;
				CLANG_WARN_DIRECT_OBJC_ISA_USAGE = YES_ERROR;
				CLANG_WARN_DOCUMENTATION_COMMENTS = YES;
				CLANG_WARN_EMPTY_BODY = YES;
				CLANG_WARN_ENUM_CONVERSION = YES;
				CLANG_WARN_INFINITE_RECURSION = YES;
				CLANG_WARN_INT_CONVERSION = YES;
				CLANG_WARN_NON_LITERAL_NULL_CONVERSION = YES;
				CLANG_WARN_OBJC_IMPLICIT_RETAIN_SELF = YES;
				CLANG_WARN_OBJC_LITERAL_CONVERSION = YES;
				CLANG_WARN_OBJC_ROOT_CLASS = YES_ERROR;
				CLANG_WARN_RANGE_LOOP_ANALYSIS = YES;
				CLANG_WARN_STRICT_PROTOTYPES = YES;
				CLANG_WARN_SUSPICIOUS_MOVE = YES;
				CLANG_WARN_UNGUARDED_AVAILABILITY = YES_AGGRESSIVE;
				CLANG_WARN_UNREACHABLE_CODE = YES;
				CLANG_WARN__DUPLICATE_METHOD_MATCH = YES;
				COPY_PHASE_STRIP = NO;
				DEBUG_INFORMATION_FORMAT = "dwarf-with-dsym";
				ENABLE_NS_ASSERTIONS = NO;
				ENABLE_STRICT_OBJC_MSGSEND = YES;
				GCC_C_LANGUAGE_STANDARD = gnu11;
				GCC_NO_COMMON_BLOCKS = YES;
				GCC_WARN_64_TO_32_BIT_CONVERSION = YES;
				GCC_WARN_ABOUT_RETURN_TYPE = YES_ERROR;
				GCC_WARN_UNDECLARED_SELECTOR = YES;
				GCC_WARN_UNINITIALIZED_AUTOS = YES_AGGRESSIVE;
				GCC_WARN_UNUSED_FUNCTION = YES;
				GCC_WARN_UNUSED_VARIABLE = YES;
				IPHONEOS_DEPLOYMENT_TARGET = 9.0;
				MTL_ENABLE_DEBUG_INFO = NO;
				MTL_FAST_MATH = YES;
				SDKROOT = iphoneos;
				SWIFT_COMPILATION_MODE = wholemodule;
				SWIFT_OPTIMIZATION_LEVEL = "-O";
				VALIDATE_PRODUCT = YES;
			};
			name = Release;
		};
		BA636F5723BCE07C00C12987 /* Debug */ = {
			isa = XCBuildConfiguration;
			buildSettings = {
				ASSETCATALOG_COMPILER_APPICON_NAME = AppIcon;
				CODE_SIGN_STYLE = Automatic;
				DEVELOPMENT_TEAM = QXFW36UK36;
				INFOPLIST_FILE = SwiftDemo/Info.plist;
				IPHONEOS_DEPLOYMENT_TARGET = 9.0;
				LD_RUNPATH_SEARCH_PATHS = (
					"$(inherited)",
					"@executable_path/Frameworks",
				);
				PRODUCT_BUNDLE_IDENTIFIER = com.xiaoming.SwiftDemo;
				PRODUCT_NAME = "$(TARGET_NAME)";
				SWIFT_VERSION = 5.0;
				TARGETED_DEVICE_FAMILY = "1,2";
			};
			name = Debug;
		};
		BA636F5823BCE07C00C12987 /* Release */ = {
			isa = XCBuildConfiguration;
			buildSettings = {
				ASSETCATALOG_COMPILER_APPICON_NAME = AppIcon;
				CODE_SIGN_STYLE = Automatic;
				DEVELOPMENT_TEAM = QXFW36UK36;
				INFOPLIST_FILE = SwiftDemo/Info.plist;
				IPHONEOS_DEPLOYMENT_TARGET = 9.0;
				LD_RUNPATH_SEARCH_PATHS = (
					"$(inherited)",
					"@executable_path/Frameworks",
				);
				PRODUCT_BUNDLE_IDENTIFIER = com.xiaoming.SwiftDemo;
				PRODUCT_NAME = "$(TARGET_NAME)";
				SWIFT_VERSION = 5.0;
				TARGETED_DEVICE_FAMILY = "1,2";
			};
			name = Release;
		};
		BA636F5A23BCE07C00C12987 /* Debug */ = {
			isa = XCBuildConfiguration;
			buildSettings = {
				ALWAYS_EMBED_SWIFT_STANDARD_LIBRARIES = YES;
				BUNDLE_LOADER = "$(TEST_HOST)";
				CODE_SIGN_STYLE = Automatic;
				DEVELOPMENT_TEAM = QXFW36UK36;
				INFOPLIST_FILE = SwiftDemoTests/Info.plist;
				IPHONEOS_DEPLOYMENT_TARGET = 13.2;
				LD_RUNPATH_SEARCH_PATHS = (
					"$(inherited)",
					"@executable_path/Frameworks",
					"@loader_path/Frameworks",
				);
				PRODUCT_BUNDLE_IDENTIFIER = com.xiaoming.SwiftDemoTests;
				PRODUCT_NAME = "$(TARGET_NAME)";
				SWIFT_VERSION = 5.0;
				TARGETED_DEVICE_FAMILY = "1,2";
				TEST_HOST = "$(BUILT_PRODUCTS_DIR)/SwiftDemo.app/SwiftDemo";
			};
			name = Debug;
		};
		BA636F5B23BCE07C00C12987 /* Release */ = {
			isa = XCBuildConfiguration;
			buildSettings = {
				ALWAYS_EMBED_SWIFT_STANDARD_LIBRARIES = YES;
				BUNDLE_LOADER = "$(TEST_HOST)";
				CODE_SIGN_STYLE = Automatic;
				DEVELOPMENT_TEAM = QXFW36UK36;
				INFOPLIST_FILE = SwiftDemoTests/Info.plist;
				IPHONEOS_DEPLOYMENT_TARGET = 13.2;
				LD_RUNPATH_SEARCH_PATHS = (
					"$(inherited)",
					"@executable_path/Frameworks",
					"@loader_path/Frameworks",
				);
				PRODUCT_BUNDLE_IDENTIFIER = com.xiaoming.SwiftDemoTests;
				PRODUCT_NAME = "$(TARGET_NAME)";
				SWIFT_VERSION = 5.0;
				TARGETED_DEVICE_FAMILY = "1,2";
				TEST_HOST = "$(BUILT_PRODUCTS_DIR)/SwiftDemo.app/SwiftDemo";
			};
			name = Release;
		};
		BA636F5D23BCE07C00C12987 /* Debug */ = {
			isa = XCBuildConfiguration;
			buildSettings = {
				ALWAYS_EMBED_SWIFT_STANDARD_LIBRARIES = YES;
				CODE_SIGN_STYLE = Automatic;
				DEVELOPMENT_TEAM = QXFW36UK36;
				INFOPLIST_FILE = SwiftDemoUITests/Info.plist;
				LD_RUNPATH_SEARCH_PATHS = (
					"$(inherited)",
					"@executable_path/Frameworks",
					"@loader_path/Frameworks",
				);
				PRODUCT_BUNDLE_IDENTIFIER = com.xiaoming.SwiftDemoUITests;
				PRODUCT_NAME = "$(TARGET_NAME)";
				SWIFT_VERSION = 5.0;
				TARGETED_DEVICE_FAMILY = "1,2";
				TEST_TARGET_NAME = SwiftDemo;
			};
			name = Debug;
		};
		BA636F5E23BCE07C00C12987 /* Release */ = {
			isa = XCBuildConfiguration;
			buildSettings = {
				ALWAYS_EMBED_SWIFT_STANDARD_LIBRARIES = YES;
				CODE_SIGN_STYLE = Automatic;
				DEVELOPMENT_TEAM = QXFW36UK36;
				INFOPLIST_FILE = SwiftDemoUITests/Info.plist;
				LD_RUNPATH_SEARCH_PATHS = (
					"$(inherited)",
					"@executable_path/Frameworks",
					"@loader_path/Frameworks",
				);
				PRODUCT_BUNDLE_IDENTIFIER = com.xiaoming.SwiftDemoUITests;
				PRODUCT_NAME = "$(TARGET_NAME)";
				SWIFT_VERSION = 5.0;
				TARGETED_DEVICE_FAMILY = "1,2";
				TEST_TARGET_NAME = SwiftDemo;
			};
			name = Release;
		};
/* End XCBuildConfiguration section */

/* Begin XCConfigurationList section */
		BA636F2723BCE07A00C12987 /* Build configuration list for PBXProject "SwiftDemo" */ = {
			isa = XCConfigurationList;
			buildConfigurations = (
				BA636F5423BCE07C00C12987 /* Debug */,
				BA636F5523BCE07C00C12987 /* Release */,
			);
			defaultConfigurationIsVisible = 0;
			defaultConfigurationName = Release;
		};
		BA636F5623BCE07C00C12987 /* Build configuration list for PBXNativeTarget "SwiftDemo" */ = {
			isa = XCConfigurationList;
			buildConfigurations = (
				BA636F5723BCE07C00C12987 /* Debug */,
				BA636F5823BCE07C00C12987 /* Release */,
			);
			defaultConfigurationIsVisible = 0;
			defaultConfigurationName = Release;
		};
		BA636F5923BCE07C00C12987 /* Build configuration list for PBXNativeTarget "SwiftDemoTests" */ = {
			isa = XCConfigurationList;
			buildConfigurations = (
				BA636F5A23BCE07C00C12987 /* Debug */,
				BA636F5B23BCE07C00C12987 /* Release */,
			);
			defaultConfigurationIsVisible = 0;
			defaultConfigurationName = Release;
		};
		BA636F5C23BCE07C00C12987 /* Build configuration list for PBXNativeTarget "SwiftDemoUITests" */ = {
			isa = XCConfigurationList;
			buildConfigurations = (
				BA636F5D23BCE07C00C12987 /* Debug */,
				BA636F5E23BCE07C00C12987 /* Release */,
			);
			defaultConfigurationIsVisible = 0;
			defaultConfigurationName = Release;
		};
/* End XCConfigurationList section */
	};
	rootObject = BA636F2423BCE07A00C12987 /* Project object */;
}
